// !$*UTF8*$!
{
	archiveVersion = 1;
	classes = {
	};
	objectVersion = 55;
	objects = {

/* Begin PBXBuildFile section */
		83EE6D1A2767533200C0BAAD /* BadgeAnimationsApp.swift in Sources */ = {isa = PBXBuildFile; fileRef = 83EE6D192767533200C0BAAD /* BadgeAnimationsApp.swift */; };
		83EE6D1C2767533200C0BAAD /* ContentView.swift in Sources */ = {isa = PBXBuildFile; fileRef = 83EE6D1B2767533200C0BAAD /* ContentView.swift */; };
		83EE6D1E2767533300C0BAAD /* Assets.xcassets in Resources */ = {isa = PBXBuildFile; fileRef = 83EE6D1D2767533300C0BAAD /* Assets.xcassets */; };
		83EE6D212767533300C0BAAD /* Preview Assets.xcassets in Resources */ = {isa = PBXBuildFile; fileRef = 83EE6D202767533300C0BAAD /* Preview Assets.xcassets */; };
		83EE6D2C2767533300C0BAAD /* BadgeAnimationsTests.swift in Sources */ = {isa = PBXBuildFile; fileRef = 83EE6D2B2767533300C0BAAD /* BadgeAnimationsTests.swift */; };
		83EE6D362767533300C0BAAD /* BadgeAnimationsUITests.swift in Sources */ = {isa = PBXBuildFile; fileRef = 83EE6D352767533300C0BAAD /* BadgeAnimationsUITests.swift */; };
		83EE6D382767533300C0BAAD /* BadgeAnimationsUITestsLaunchTests.swift in Sources */ = {isa = PBXBuildFile; fileRef = 83EE6D372767533300C0BAAD /* BadgeAnimationsUITestsLaunchTests.swift */; };
/* End PBXBuildFile section */

/* Begin PBXContainerItemProxy section */
		83EE6D282767533300C0BAAD /* PBXContainerItemProxy */ = {
			isa = PBXContainerItemProxy;
			containerPortal = 83EE6D0E2767533200C0BAAD /* Project object */;
			proxyType = 1;
			remoteGlobalIDString = 83EE6D152767533200C0BAAD;
			remoteInfo = BadgeAnimations;
		};
		83EE6D322767533300C0BAAD /* PBXContainerItemProxy */ = {
			isa = PBXContainerItemProxy;
			containerPortal = 83EE6D0E2767533200C0BAAD /* Project object */;
			proxyType = 1;
			remoteGlobalIDString = 83EE6D152767533200C0BAAD;
			remoteInfo = BadgeAnimations;
		};
/* End PBXContainerItemProxy section */

/* Begin PBXFileReference section */
		83EE6D162767533200C0BAAD /* BadgeAnimations.app */ = {isa = PBXFileReference; explicitFileType = wrapper.application; includeInIndex = 0; path = BadgeAnimations.app; sourceTree = BUILT_PRODUCTS_DIR; };
		83EE6D192767533200C0BAAD /* BadgeAnimationsApp.swift */ = {isa = PBXFileReference; lastKnownFileType = sourcecode.swift; path = BadgeAnimationsApp.swift; sourceTree = "<group>"; };
		83EE6D1B2767533200C0BAAD /* ContentView.swift */ = {isa = PBXFileReference; lastKnownFileType = sourcecode.swift; path = ContentView.swift; sourceTree = "<group>"; };
		83EE6D1D2767533300C0BAAD /* Assets.xcassets */ = {isa = PBXFileReference; lastKnownFileType = folder.assetcatalog; path = Assets.xcassets; sourceTree = "<group>"; };
		83EE6D202767533300C0BAAD /* Preview Assets.xcassets */ = {isa = PBXFileReference; lastKnownFileType = folder.assetcatalog; path = "Preview Assets.xcassets"; sourceTree = "<group>"; };
		83EE6D222767533300C0BAAD /* BadgeAnimations.entitlements */ = {isa = PBXFileReference; lastKnownFileType = text.plist.entitlements; path = BadgeAnimations.entitlements; sourceTree = "<group>"; };
		83EE6D272767533300C0BAAD /* BadgeAnimationsTests.xctest */ = {isa = PBXFileReference; explicitFileType = wrapper.cfbundle; includeInIndex = 0; path = BadgeAnimationsTests.xctest; sourceTree = BUILT_PRODUCTS_DIR; };
		83EE6D2B2767533300C0BAAD /* BadgeAnimationsTests.swift */ = {isa = PBXFileReference; lastKnownFileType = sourcecode.swift; path = BadgeAnimationsTests.swift; sourceTree = "<group>"; };
		83EE6D312767533300C0BAAD /* BadgeAnimationsUITests.xctest */ = {isa = PBXFileReference; explicitFileType = wrapper.cfbundle; includeInIndex = 0; path = BadgeAnimationsUITests.xctest; sourceTree = BUILT_PRODUCTS_DIR; };
		83EE6D352767533300C0BAAD /* BadgeAnimationsUITests.swift */ = {isa = PBXFileReference; lastKnownFileType = sourcecode.swift; path = BadgeAnimationsUITests.swift; sourceTree = "<group>"; };
		83EE6D372767533300C0BAAD /* BadgeAnimationsUITestsLaunchTests.swift */ = {isa = PBXFileReference; lastKnownFileType = sourcecode.swift; path = BadgeAnimationsUITestsLaunchTests.swift; sourceTree = "<group>"; };
/* End PBXFileReference section */

/* Begin PBXFrameworksBuildPhase section */
		83EE6D132767533200C0BAAD /* Frameworks */ = {
			isa = PBXFrameworksBuildPhase;
			buildActionMask = 2147483647;
			files = (
			);
			runOnlyForDeploymentPostprocessing = 0;
		};
		83EE6D242767533300C0BAAD /* Frameworks */ = {
			isa = PBXFrameworksBuildPhase;
			buildActionMask = 2147483647;
			files = (
			);
			runOnlyForDeploymentPostprocessing = 0;
		};
		83EE6D2E2767533300C0BAAD /* Frameworks */ = {
			isa = PBXFrameworksBuildPhase;
			buildActionMask = 2147483647;
			files = (
			);
			runOnlyForDeploymentPostprocessing = 0;
		};
/* End PBXFrameworksBuildPhase section */

/* Begin PBXGroup section */
		83EE6D0D2767533200C0BAAD = {
			isa = PBXGroup;
			children = (
				83EE6D182767533200C0BAAD /* BadgeAnimations */,
				83EE6D2A2767533300C0BAAD /* BadgeAnimationsTests */,
				83EE6D342767533300C0BAAD /* BadgeAnimationsUITests */,
				83EE6D172767533200C0BAAD /* Products */,
			);
			sourceTree = "<group>";
		};
		83EE6D172767533200C0BAAD /* Products */ = {
			isa = PBXGroup;
			children = (
				83EE6D162767533200C0BAAD /* BadgeAnimations.app */,
				83EE6D272767533300C0BAAD /* BadgeAnimationsTests.xctest */,
				83EE6D312767533300C0BAAD /* BadgeAnimationsUITests.xctest */,
			);
			name = Products;
			sourceTree = "<group>";
		};
		83EE6D182767533200C0BAAD /* BadgeAnimations */ = {
			isa = PBXGroup;
			children = (
				83EE6D192767533200C0BAAD /* BadgeAnimationsApp.swift */,
				83EE6D1B2767533200C0BAAD /* ContentView.swift */,
				83EE6D1D2767533300C0BAAD /* Assets.xcassets */,
				83EE6D222767533300C0BAAD /* BadgeAnimations.entitlements */,
				83EE6D1F2767533300C0BAAD /* Preview Content */,
			);
			path = BadgeAnimations;
			sourceTree = "<group>";
		};
		83EE6D1F2767533300C0BAAD /* Preview Content */ = {
			isa = PBXGroup;
			children = (
				83EE6D202767533300C0BAAD /* Preview Assets.xcassets */,
			);
			path = "Preview Content";
			sourceTree = "<group>";
		};
		83EE6D2A2767533300C0BAAD /* BadgeAnimationsTests */ = {
			isa = PBXGroup;
			children = (
				83EE6D2B2767533300C0BAAD /* BadgeAnimationsTests.swift */,
			);
			path = BadgeAnimationsTests;
			sourceTree = "<group>";
		};
		83EE6D342767533300C0BAAD /* BadgeAnimationsUITests */ = {
			isa = PBXGroup;
			children = (
				83EE6D352767533300C0BAAD /* BadgeAnimationsUITests.swift */,
				83EE6D372767533300C0BAAD /* BadgeAnimationsUITestsLaunchTests.swift */,
			);
			path = BadgeAnimationsUITests;
			sourceTree = "<group>";
		};
/* End PBXGroup section */

/* Begin PBXNativeTarget section */
		83EE6D152767533200C0BAAD /* BadgeAnimations */ = {
			isa = PBXNativeTarget;
			buildConfigurationList = 83EE6D3B2767533300C0BAAD /* Build configuration list for PBXNativeTarget "BadgeAnimations" */;
			buildPhases = (
				83EE6D122767533200C0BAAD /* Sources */,
				83EE6D132767533200C0BAAD /* Frameworks */,
				83EE6D142767533200C0BAAD /* Resources */,
			);
			buildRules = (
			);
			dependencies = (
			);
			name = BadgeAnimations;
			productName = BadgeAnimations;
			productReference = 83EE6D162767533200C0BAAD /* BadgeAnimations.app */;
			productType = "com.apple.product-type.application";
		};
		83EE6D262767533300C0BAAD /* BadgeAnimationsTests */ = {
			isa = PBXNativeTarget;
			buildConfigurationList = 83EE6D3E2767533300C0BAAD /* Build configuration list for PBXNativeTarget "BadgeAnimationsTests" */;
			buildPhases = (
				83EE6D232767533300C0BAAD /* Sources */,
				83EE6D242767533300C0BAAD /* Frameworks */,
				83EE6D252767533300C0BAAD /* Resources */,
			);
			buildRules = (
			);
			dependencies = (
				83EE6D292767533300C0BAAD /* PBXTargetDependency */,
			);
			name = BadgeAnimationsTests;
			productName = BadgeAnimationsTests;
			productReference = 83EE6D272767533300C0BAAD /* BadgeAnimationsTests.xctest */;
			productType = "com.apple.product-type.bundle.unit-test";
		};
		83EE6D302767533300C0BAAD /* BadgeAnimationsUITests */ = {
			isa = PBXNativeTarget;
			buildConfigurationList = 83EE6D412767533300C0BAAD /* Build configuration list for PBXNativeTarget "BadgeAnimationsUITests" */;
			buildPhases = (
				83EE6D2D2767533300C0BAAD /* Sources */,
				83EE6D2E2767533300C0BAAD /* Frameworks */,
				83EE6D2F2767533300C0BAAD /* Resources */,
			);
			buildRules = (
			);
			dependencies = (
				83EE6D332767533300C0BAAD /* PBXTargetDependency */,
			);
			name = BadgeAnimationsUITests;
			productName = BadgeAnimationsUITests;
			productReference = 83EE6D312767533300C0BAAD /* BadgeAnimationsUITests.xctest */;
			productType = "com.apple.product-type.bundle.ui-testing";
		};
/* End PBXNativeTarget section */

/* Begin PBXProject section */
		83EE6D0E2767533200C0BAAD /* Project object */ = {
			isa = PBXProject;
			attributes = {
				BuildIndependentTargetsInParallel = 1;
				LastSwiftUpdateCheck = 1310;
				LastUpgradeCheck = 1310;
				TargetAttributes = {
					83EE6D152767533200C0BAAD = {
						CreatedOnToolsVersion = 13.1;
					};
					83EE6D262767533300C0BAAD = {
						CreatedOnToolsVersion = 13.1;
						TestTargetID = 83EE6D152767533200C0BAAD;
					};
					83EE6D302767533300C0BAAD = {
						CreatedOnToolsVersion = 13.1;
						TestTargetID = 83EE6D152767533200C0BAAD;
					};
				};
			};
			buildConfigurationList = 83EE6D112767533200C0BAAD /* Build configuration list for PBXProject "BadgeAnimations" */;
			compatibilityVersion = "Xcode 13.0";
			developmentRegion = en;
			hasScannedForEncodings = 0;
			knownRegions = (
				en,
				Base,
			);
			mainGroup = 83EE6D0D2767533200C0BAAD;
			productRefGroup = 83EE6D172767533200C0BAAD /* Products */;
			projectDirPath = "";
			projectRoot = "";
			targets = (
				83EE6D152767533200C0BAAD /* BadgeAnimations */,
				83EE6D262767533300C0BAAD /* BadgeAnimationsTests */,
				83EE6D302767533300C0BAAD /* BadgeAnimationsUITests */,
			);
		};
/* End PBXProject section */

/* Begin PBXResourcesBuildPhase section */
		83EE6D142767533200C0BAAD /* Resources */ = {
			isa = PBXResourcesBuildPhase;
			buildActionMask = 2147483647;
			files = (
				83EE6D212767533300C0BAAD /* Preview Assets.xcassets in Resources */,
				83EE6D1E2767533300C0BAAD /* Assets.xcassets in Resources */,
			);
			runOnlyForDeploymentPostprocessing = 0;
		};
		83EE6D252767533300C0BAAD /* Resources */ = {
			isa = PBXResourcesBuildPhase;
			buildActionMask = 2147483647;
			files = (
			);
			runOnlyForDeploymentPostprocessing = 0;
		};
		83EE6D2F2767533300C0BAAD /* Resources */ = {
			isa = PBXResourcesBuildPhase;
			buildActionMask = 2147483647;
			files = (
			);
			runOnlyForDeploymentPostprocessing = 0;
		};
/* End PBXResourcesBuildPhase section */

/* Begin PBXSourcesBuildPhase section */
		83EE6D122767533200C0BAAD /* Sources */ = {
			isa = PBXSourcesBuildPhase;
			buildActionMask = 2147483647;
			files = (
				83EE6D1C2767533200C0BAAD /* ContentView.swift in Sources */,
				83EE6D1A2767533200C0BAAD /* BadgeAnimationsApp.swift in Sources */,
			);
			runOnlyForDeploymentPostprocessing = 0;
		};
		83EE6D232767533300C0BAAD /* Sources */ = {
			isa = PBXSourcesBuildPhase;
			buildActionMask = 2147483647;
			files = (
				83EE6D2C2767533300C0BAAD /* BadgeAnimationsTests.swift in Sources */,
			);
			runOnlyForDeploymentPostprocessing = 0;
		};
		83EE6D2D2767533300C0BAAD /* Sources */ = {
			isa = PBXSourcesBuildPhase;
			buildActionMask = 2147483647;
			files = (
				83EE6D362767533300C0BAAD /* BadgeAnimationsUITests.swift in Sources */,
				83EE6D382767533300C0BAAD /* BadgeAnimationsUITestsLaunchTests.swift in Sources */,
			);
			runOnlyForDeploymentPostprocessing = 0;
		};
/* End PBXSourcesBuildPhase section */

/* Begin PBXTargetDependency section */
		83EE6D292767533300C0BAAD /* PBXTargetDependency */ = {
			isa = PBXTargetDependency;
			target = 83EE6D152767533200C0BAAD /* BadgeAnimations */;
			targetProxy = 83EE6D282767533300C0BAAD /* PBXContainerItemProxy */;
		};
		83EE6D332767533300C0BAAD /* PBXTargetDependency */ = {
			isa = PBXTargetDependency;
			target = 83EE6D152767533200C0BAAD /* BadgeAnimations */;
			targetProxy = 83EE6D322767533300C0BAAD /* PBXContainerItemProxy */;
		};
/* End PBXTargetDependency section */

/* Begin XCBuildConfiguration section */
		83EE6D392767533300C0BAAD /* Debug */ = {
			isa = XCBuildConfiguration;
			buildSettings = {
				ALWAYS_SEARCH_USER_PATHS = NO;
				CLANG_ANALYZER_NONNULL = YES;
				CLANG_ANALYZER_NUMBER_OBJECT_CONVERSION = YES_AGGRESSIVE;
				CLANG_CXX_LANGUAGE_STANDARD = "gnu++17";
				CLANG_CXX_LIBRARY = "libc++";
				CLANG_ENABLE_MODULES = YES;
				CLANG_ENABLE_OBJC_ARC = YES;
				CLANG_ENABLE_OBJC_WEAK = YES;
				CLANG_WARN_BLOCK_CAPTURE_AUTORELEASING = YES;
				CLANG_WARN_BOOL_CONVERSION = YES;
				CLANG_WARN_COMMA = YES;
				CLANG_WARN_CONSTANT_CONVERSION = YES;
				CLANG_WARN_DEPRECATED_OBJC_IMPLEMENTATIONS = YES;
				CLANG_WARN_DIRECT_OBJC_ISA_USAGE = YES_ERROR;
				CLANG_WARN_DOCUMENTATION_COMMENTS = YES;
				CLANG_WARN_EMPTY_BODY = YES;
				CLANG_WARN_ENUM_CONVERSION = YES;
				CLANG_WARN_INFINITE_RECURSION = YES;
				CLANG_WARN_INT_CONVERSION = YES;
				CLANG_WARN_NON_LITERAL_NULL_CONVERSION = YES;
				CLANG_WARN_OBJC_IMPLICIT_RETAIN_SELF = YES;
				CLANG_WARN_OBJC_LITERAL_CONVERSION = YES;
				CLANG_WARN_OBJC_ROOT_CLASS = YES_ERROR;
				CLANG_WARN_QUOTED_INCLUDE_IN_FRAMEWORK_HEADER = YES;
				CLANG_WARN_RANGE_LOOP_ANALYSIS = YES;
				CLANG_WARN_STRICT_PROTOTYPES = YES;
				CLANG_WARN_SUSPICIOUS_MOVE = YES;
				CLANG_WARN_UNGUARDED_AVAILABILITY = YES_AGGRESSIVE;
				CLANG_WARN_UNREACHABLE_CODE = YES;
				CLANG_WARN__DUPLICATE_METHOD_MATCH = YES;
				COPY_PHASE_STRIP = NO;
				DEBUG_INFORMATION_FORMAT = dwarf;
				ENABLE_STRICT_OBJC_MSGSEND = YES;
				ENABLE_TESTABILITY = YES;
				GCC_C_LANGUAGE_STANDARD = gnu11;
				GCC_DYNAMIC_NO_PIC = NO;
				GCC_NO_COMMON_BLOCKS = YES;
				GCC_OPTIMIZATION_LEVEL = 0;
				GCC_PREPROCESSOR_DEFINITIONS = (
					"DEBUG=1",
					"$(inherited)",
				);
				GCC_WARN_64_TO_32_BIT_CONVERSION = YES;
				GCC_WARN_ABOUT_RETURN_TYPE = YES_ERROR;
				GCC_WARN_UNDECLARED_SELECTOR = YES;
				GCC_WARN_UNINITIALIZED_AUTOS = YES_AGGRESSIVE;
				GCC_WARN_UNUSED_FUNCTION = YES;
				GCC_WARN_UNUSED_VARIABLE = YES;
				MACOSX_DEPLOYMENT_TARGET = 12.0;
				MTL_ENABLE_DEBUG_INFO = INCLUDE_SOURCE;
				MTL_FAST_MATH = YES;
				ONLY_ACTIVE_ARCH = YES;
				SDKROOT = macosx;
				SWIFT_ACTIVE_COMPILATION_CONDITIONS = DEBUG;
				SWIFT_OPTIMIZATION_LEVEL = "-Onone";
			};
			name = Debug;
		};
		83EE6D3A2767533300C0BAAD /* Release */ = {
			isa = XCBuildConfiguration;
			buildSettings = {
				ALWAYS_SEARCH_USER_PATHS = NO;
				CLANG_ANALYZER_NONNULL = YES;
				CLANG_ANALYZER_NUMBER_OBJECT_CONVERSION = YES_AGGRESSIVE;
				CLANG_CXX_LANGUAGE_STANDARD = "gnu++17";
				CLANG_CXX_LIBRARY = "libc++";
				CLANG_ENABLE_MODULES = YES;
				CLANG_ENABLE_OBJC_ARC = YES;
				CLANG_ENABLE_OBJC_WEAK = YES;
				CLANG_WARN_BLOCK_CAPTURE_AUTORELEASING = YES;
				CLANG_WARN_BOOL_CONVERSION = YES;
				CLANG_WARN_COMMA = YES;
				CLANG_WARN_CONSTANT_CONVERSION = YES;
				CLANG_WARN_DEPRECATED_OBJC_IMPLEMENTATIONS = YES;
				CLANG_WARN_DIRECT_OBJC_ISA_USAGE = YES_ERROR;
				CLANG_WARN_DOCUMENTATION_COMMENTS = YES;
				CLANG_WARN_EMPTY_BODY = YES;
				CLANG_WARN_ENUM_CONVERSION = YES;
				CLANG_WARN_INFINITE_RECURSION = YES;
				CLANG_WARN_INT_CONVERSION = YES;
				CLANG_WARN_NON_LITERAL_NULL_CONVERSION = YES;
				CLANG_WARN_OBJC_IMPLICIT_RETAIN_SELF = YES;
				CLANG_WARN_OBJC_LITERAL_CONVERSION = YES;
				CLANG_WARN_OBJC_ROOT_CLASS = YES_ERROR;
				CLANG_WARN_QUOTED_INCLUDE_IN_FRAMEWORK_HEADER = YES;
				CLANG_WARN_RANGE_LOOP_ANALYSIS = YES;
				CLANG_WARN_STRICT_PROTOTYPES = YES;
				CLANG_WARN_SUSPICIOUS_MOVE = YES;
				CLANG_WARN_UNGUARDED_AVAILABILITY = YES_AGGRESSIVE;
				CLANG_WARN_UNREACHABLE_CODE = YES;
				CLANG_WARN__DUPLICATE_METHOD_MATCH = YES;
				COPY_PHASE_STRIP = NO;
				DEBUG_INFORMATION_FORMAT = "dwarf-with-dsym";
				ENABLE_NS_ASSERTIONS = NO;
				ENABLE_STRICT_OBJC_MSGSEND = YES;
				GCC_C_LANGUAGE_STANDARD = gnu11;
				GCC_NO_COMMON_BLOCKS = YES;
				GCC_WARN_64_TO_32_BIT_CONVERSION = YES;
				GCC_WARN_ABOUT_RETURN_TYPE = YES_ERROR;
				GCC_WARN_UNDECLARED_SELECTOR = YES;
				GCC_WARN_UNINITIALIZED_AUTOS = YES_AGGRESSIVE;
				GCC_WARN_UNUSED_FUNCTION = YES;
				GCC_WARN_UNUSED_VARIABLE = YES;
				MACOSX_DEPLOYMENT_TARGET = 12.0;
				MTL_ENABLE_DEBUG_INFO = NO;
				MTL_FAST_MATH = YES;
				SDKROOT = macosx;
				SWIFT_COMPILATION_MODE = wholemodule;
				SWIFT_OPTIMIZATION_LEVEL = "-O";
			};
			name = Release;
		};
		83EE6D3C2767533300C0BAAD /* Debug */ = {
			isa = XCBuildConfiguration;
			buildSettings = {
				ASSETCATALOG_COMPILER_APPICON_NAME = AppIcon;
				ASSETCATALOG_COMPILER_GLOBAL_ACCENT_COLOR_NAME = AccentColor;
				CODE_SIGN_ENTITLEMENTS = BadgeAnimations/BadgeAnimations.entitlements;
				CODE_SIGN_STYLE = Automatic;
				COMBINE_HIDPI_IMAGES = YES;
				CURRENT_PROJECT_VERSION = 1;
				DEVELOPMENT_ASSET_PATHS = "\"BadgeAnimations/Preview Content\"";
				DEVELOPMENT_TEAM = 58PSC9526Y;
				ENABLE_HARDENED_RUNTIME = YES;
				ENABLE_PREVIEWS = YES;
				GENERATE_INFOPLIST_FILE = YES;
				INFOPLIST_KEY_NSHumanReadableCopyright = "";
				LD_RUNPATH_SEARCH_PATHS = (
					"$(inherited)",
					"@executable_path/../Frameworks",
				);
				MARKETING_VERSION = 1.0;
				PRODUCT_BUNDLE_IDENTIFIER = io.objc.BadgeAnimations;
				PRODUCT_NAME = "$(TARGET_NAME)";
				SWIFT_EMIT_LOC_STRINGS = YES;
				SWIFT_VERSION = 5.0;
			};
			name = Debug;
		};
		83EE6D3D2767533300C0BAAD /* Release */ = {
			isa = XCBuildConfiguration;
			buildSettings = {
				ASSETCATALOG_COMPILER_APPICON_NAME = AppIcon;
				ASSETCATALOG_COMPILER_GLOBAL_ACCENT_COLOR_NAME = AccentColor;
				CODE_SIGN_ENTITLEMENTS = BadgeAnimations/BadgeAnimations.entitlements;
				CODE_SIGN_STYLE = Automatic;
				COMBINE_HIDPI_IMAGES = YES;
				CURRENT_PROJECT_VERSION = 1;
				DEVELOPMENT_ASSET_PATHS = "\"BadgeAnimations/Preview Content\"";
				DEVELOPMENT_TEAM = 58PSC9526Y;
				ENABLE_HARDENED_RUNTIME = YES;
				ENABLE_PREVIEWS = YES;
				GENERATE_INFOPLIST_FILE = YES;
				INFOPLIST_KEY_NSHumanReadableCopyright = "";
				LD_RUNPATH_SEARCH_PATHS = (
					"$(inherited)",
					"@executable_path/../Frameworks",
				);
				MARKETING_VERSION = 1.0;
				PRODUCT_BUNDLE_IDENTIFIER = io.objc.BadgeAnimations;
				PRODUCT_NAME = "$(TARGET_NAME)";
				SWIFT_EMIT_LOC_STRINGS = YES;
				SWIFT_VERSION = 5.0;
			};
			name = Release;
		};
		83EE6D3F2767533300C0BAAD /* Debug */ = {
			isa = XCBuildConfiguration;
			buildSettings = {
				ALWAYS_EMBED_SWIFT_STANDARD_LIBRARIES = YES;
				BUNDLE_LOADER = "$(TEST_HOST)";
				CODE_SIGN_STYLE = Automatic;
				COMBINE_HIDPI_IMAGES = YES;
				CURRENT_PROJECT_VERSION = 1;
				DEVELOPMENT_TEAM = 58PSC9526Y;
				GENERATE_INFOPLIST_FILE = YES;
				LD_RUNPATH_SEARCH_PATHS = (
					"$(inherited)",
					"@executable_path/../Frameworks",
					"@loader_path/../Frameworks",
				);
				MACOSX_DEPLOYMENT_TARGET = 12.0;
				MARKETING_VERSION = 1.0;
				PRODUCT_BUNDLE_IDENTIFIER = io.objc.BadgeAnimationsTests;
				PRODUCT_NAME = "$(TARGET_NAME)";
				SWIFT_EMIT_LOC_STRINGS = NO;
				SWIFT_VERSION = 5.0;
				TEST_HOST = "$(BUILT_PRODUCTS_DIR)/BadgeAnimations.app/Contents/MacOS/BadgeAnimations";
			};
			name = Debug;
		};
		83EE6D402767533300C0BAAD /* Release */ = {
			isa = XCBuildConfiguration;
			buildSettings = {
				ALWAYS_EMBED_SWIFT_STANDARD_LIBRARIES = YES;
				BUNDLE_LOADER = "$(TEST_HOST)";
				CODE_SIGN_STYLE = Automatic;
				COMBINE_HIDPI_IMAGES = YES;
				CURRENT_PROJECT_VERSION = 1;
				DEVELOPMENT_TEAM = 58PSC9526Y;
				GENERATE_INFOPLIST_FILE = YES;
				LD_RUNPATH_SEARCH_PATHS = (
					"$(inherited)",
					"@executable_path/../Frameworks",
					"@loader_path/../Frameworks",
				);
				MACOSX_DEPLOYMENT_TARGET = 12.0;
				MARKETING_VERSION = 1.0;
				PRODUCT_BUNDLE_IDENTIFIER = io.objc.BadgeAnimationsTests;
				PRODUCT_NAME = "$(TARGET_NAME)";
				SWIFT_EMIT_LOC_STRINGS = NO;
				SWIFT_VERSION = 5.0;
				TEST_HOST = "$(BUILT_PRODUCTS_DIR)/BadgeAnimations.app/Contents/MacOS/BadgeAnimations";
			};
			name = Release;
		};
		83EE6D422767533300C0BAAD /* Debug */ = {
			isa = XCBuildConfiguration;
			buildSettings = {
				ALWAYS_EMBED_SWIFT_STANDARD_LIBRARIES = YES;
				CODE_SIGN_STYLE = Automatic;
				COMBINE_HIDPI_IMAGES = YES;
				CURRENT_PROJECT_VERSION = 1;
				DEVELOPMENT_TEAM = 58PSC9526Y;
				GENERATE_INFOPLIST_FILE = YES;
				LD_RUNPATH_SEARCH_PATHS = (
					"$(inherited)",
					"@executable_path/../Frameworks",
					"@loader_path/../Frameworks",
				);
				MARKETING_VERSION = 1.0;
				PRODUCT_BUNDLE_IDENTIFIER = io.objc.BadgeAnimationsUITests;
				PRODUCT_NAME = "$(TARGET_NAME)";
				SWIFT_EMIT_LOC_STRINGS = NO;
				SWIFT_VERSION = 5.0;
				TEST_TARGET_NAME = BadgeAnimations;
			};
			name = Debug;
		};
		83EE6D432767533300C0BAAD /* Release */ = {
			isa = XCBuildConfiguration;
			buildSettings = {
				ALWAYS_EMBED_SWIFT_STANDARD_LIBRARIES = YES;
				CODE_SIGN_STYLE = Automatic;
				COMBINE_HIDPI_IMAGES = YES;
				CURRENT_PROJECT_VERSION = 1;
				DEVELOPMENT_TEAM = 58PSC9526Y;
				GENERATE_INFOPLIST_FILE = YES;
				LD_RUNPATH_SEARCH_PATHS = (
					"$(inherited)",
					"@executable_path/../Frameworks",
					"@loader_path/../Frameworks",
				);
				MARKETING_VERSION = 1.0;
				PRODUCT_BUNDLE_IDENTIFIER = io.objc.BadgeAnimationsUITests;
				PRODUCT_NAME = "$(TARGET_NAME)";
				SWIFT_EMIT_LOC_STRINGS = NO;
				SWIFT_VERSION = 5.0;
				TEST_TARGET_NAME = BadgeAnimations;
			};
			name = Release;
		};
/* End XCBuildConfiguration section */

/* Begin XCConfigurationList section */
		83EE6D112767533200C0BAAD /* Build configuration list for PBXProject "BadgeAnimations" */ = {
			isa = XCConfigurationList;
			buildConfigurations = (
				83EE6D392767533300C0BAAD /* Debug */,
				83EE6D3A2767533300C0BAAD /* Release */,
			);
			defaultConfigurationIsVisible = 0;
			defaultConfigurationName = Release;
		};
		83EE6D3B2767533300C0BAAD /* Build configuration list for PBXNativeTarget "BadgeAnimations" */ = {
			isa = XCConfigurationList;
			buildConfigurations = (
				83EE6D3C2767533300C0BAAD /* Debug */,
				83EE6D3D2767533300C0BAAD /* Release */,
			);
			defaultConfigurationIsVisible = 0;
			defaultConfigurationName = Release;
		};
		83EE6D3E2767533300C0BAAD /* Build configuration list for PBXNativeTarget "BadgeAnimationsTests" */ = {
			isa = XCConfigurationList;
			buildConfigurations = (
				83EE6D3F2767533300C0BAAD /* Debug */,
				83EE6D402767533300C0BAAD /* Release */,
			);
			defaultConfigurationIsVisible = 0;
			defaultConfigurationName = Release;
		};
		83EE6D412767533300C0BAAD /* Build configuration list for PBXNativeTarget "BadgeAnimationsUITests" */ = {
			isa = XCConfigurationList;
			buildConfigurations = (
				83EE6D422767533300C0BAAD /* Debug */,
				83EE6D432767533300C0BAAD /* Release */,
			);
			defaultConfigurationIsVisible = 0;
			defaultConfigurationName = Release;
		};
/* End XCConfigurationList section */
	};
	rootObject = 83EE6D0E2767533200C0BAAD /* Project object */;
}
